{
  "originHash" : "8cce52a3080686eba4edaba37eb80768f59398ebfb6465f6c47fabd03c3058d3",
  "pins" : [
    {
      "identity" : "netdiagnosis",
      "kind" : "remoteSourceControl",
      "location" : "https://github.com/453jerry/NetDiagnosis",
      "state" : {
        "revision" : "40e048e69956e671a88f5a7fa9d829e5fd960546",
        "version" : "1.1.2"
      }
    },
    {
      "identity" : "rxswift",
      "kind" : "remoteSourceControl",
      "location" : "https://github.com/ReactiveX/RxSwift.git",
      "state" : {
        "revision" : "5004a18539bd68905c5939aa893075f578f4f03d",
        "version" : "6.9.1"
      }
    },
    {
      "identity" : "swift-collections",
      "kind" : "remoteSourceControl",
      "location" : "https://github.com/apple/swift-collections.git",
      "state" : {
        "revision" : "7b847a3b7008b2dc2f47ca3110d8c782fb2e5c7e",
        "version" : "1.3.0"
      }
    }
  ],
  "version" : 3
}
